<?xml version="1.0" encoding="utf-8"?>
<Project ToolsVersion="4.0" xmlns="http://schemas.microsoft.com/developer/msbuild/2003">
  <ItemGroup>
    <ClCompile Include="Main.cpp" />
    <ClCompile Include="Rom.cpp" />
    <ClCompile Include="Application.cpp" />
    <ClCompile Include="NDS.cpp" />
    <ClCompile Include="MemoryBus.cpp" />
    <ClCompile Include="Core.cpp" />
    <ClCompile Include="Clock.cpp" />
    <ClCompile Include="CpuArm.cpp" />
    <ClCompile Include="CpuArmDisassembler.cpp" />
  </ItemGroup>
  <ItemGroup>
    <ClInclude Include="NDS.h" />
    <ClInclude Include="Rom.h" />
    <ClInclude Include="Core.h" />
    <ClInclude Include="ConfigWindows.h" />
    <ClInclude Include="Application.h" />
    <ClInclude Include="MemoryBus.h" />
    <ClInclude Include="Delegate.h" />
    <ClInclude Include="Clock.h" />
    <ClInclude Include="CpuArm.h" />
  </ItemGroup>
</Project>